
Microsoft Visual Studio Solution File, Format Version 12.00
# Visual Studio Version 17
VisualStudioVersion = 17.13.35931.197 d17.13
MinimumVisualStudioVersion = 10.0.40219.1
Project("{FAE04EC0-301F-11D3-BF4B-00C04F79EFBC}") = "StockPortfolio.API", "StockPortfolio.API\StockPortfolio.API.csproj", "{4BBDA5E6-EC62-4D14-8F0B-9C09477FFE23}"
EndProject
Project("{FAE04EC0-301F-11D3-BF4B-00C04F79EFBC}") = "StockPortfolio.Domain", "StockPortfolio.Domain\StockPortfolio.Domain.csproj", "{0B35D881-C72F-4D02-B029-F7CEAA7AAB7A}"
EndProject
Project("{FAE04EC0-301F-11D3-BF4B-00C04F79EFBC}") = "StockPortfolio.Application", "StockPortfolio.Application\StockPortfolio.Application.csproj", "{F9D040C5-7B3E-476E-BEE7-9BD61F526BF7}"
EndProject
Project("{FAE04EC0-301F-11D3-BF4B-00C04F79EFBC}") = "StockPortfolio.Infrastructure", "StockPortfolio.Infrastructure\StockPortfolio.Infrastructure.csproj", "{3466BEE2-04C5-4D32-A3AB-3D5EA765C8E4}"
EndProject
Global
	GlobalSection(SolutionConfigurationPlatforms) = preSolution
		Debug|Any CPU = Debug|Any CPU
		Release|Any CPU = Release|Any CPU
	EndGlobalSection
	GlobalSection(ProjectConfigurationPlatforms) = postSolution
		{4BBDA5E6-EC62-4D14-8F0B-9C09477FFE23}.Debug|Any CPU.ActiveCfg = Debug|Any CPU
		{4BBDA5E6-EC62-4D14-8F0B-9C09477FFE23}.Debug|Any CPU.Build.0 = Debug|Any CPU
		{4BBDA5E6-EC62-4D14-8F0B-9C09477FFE23}.Release|Any CPU.ActiveCfg = Release|Any CPU
		{4BBDA5E6-EC62-4D14-8F0B-9C09477FFE23}.Release|Any CPU.Build.0 = Release|Any CPU
		{0B35D881-C72F-4D02-B029-F7CEAA7AAB7A}.Debug|Any CPU.ActiveCfg = Debug|Any CPU
		{0B35D881-C72F-4D02-B029-F7CEAA7AAB7A}.Debug|Any CPU.Build.0 = Debug|Any CPU
		{0B35D881-C72F-4D02-B029-F7CEAA7AAB7A}.Release|Any CPU.ActiveCfg = Release|Any CPU
		{0B35D881-C72F-4D02-B029-F7CEAA7AAB7A}.Release|Any CPU.Build.0 = Release|Any CPU
		{F9D040C5-7B3E-476E-BEE7-9BD61F526BF7}.Debug|Any CPU.ActiveCfg = Debug|Any CPU
		{F9D040C5-7B3E-476E-BEE7-9BD61F526BF7}.Debug|Any CPU.Build.0 = Debug|Any CPU
		{F9D040C5-7B3E-476E-BEE7-9BD61F526BF7}.Release|Any CPU.ActiveCfg = Release|Any CPU
		{F9D040C5-7B3E-476E-BEE7-9BD61F526BF7}.Release|Any CPU.Build.0 = Release|Any CPU
		{3466BEE2-04C5-4D32-A3AB-3D5EA765C8E4}.Debug|Any CPU.ActiveCfg = Debug|Any CPU
		{3466BEE2-04C5-4D32-A3AB-3D5EA765C8E4}.Debug|Any CPU.Build.0 = Debug|Any CPU
		{3466BEE2-04C5-4D32-A3AB-3D5EA765C8E4}.Release|Any CPU.ActiveCfg = Release|Any CPU
		{3466BEE2-04C5-4D32-A3AB-3D5EA765C8E4}.Release|Any CPU.Build.0 = Release|Any CPU
	EndGlobalSection
	GlobalSection(SolutionProperties) = preSolution
		HideSolutionNode = FALSE
	EndGlobalSection
	GlobalSection(ExtensibilityGlobals) = postSolution
		SolutionGuid = {22F22E7B-9A0E-48EA-AE22-A4C7EF587E79}
	EndGlobalSection
EndGlobal
